
Microsoft Visual Studio Solution File, Format Version 12.00
# Visual Studio 15
VisualStudioVersion = 15.0.27703.2026
MinimumVisualStudioVersion = 10.0.40219.1
Project("{FAE04EC0-301F-11D3-BF4B-00C04F79EFBC}") = "ValidatedTextBox", "ValidatedTextBox\ValidatedTextBox.csproj", "{398B3B61-E628-485B-A2F3-3504AEF7AE01}"
EndProject
Project("{FAE04EC0-301F-11D3-BF4B-00C04F79EFBC}") = "Example", "Example\Example.csproj", "{F25D5F64-BF72-4B03-9150-72B64E25472A}"
	ProjectSection(ProjectDependencies) = postProject
		{398B3B61-E628-485B-A2F3-3504AEF7AE01} = {398B3B61-E628-485B-A2F3-3504AEF7AE01}
	EndProjectSection
EndProject
Global
	GlobalSection(SolutionConfigurationPlatforms) = preSolution
		Debug|Any CPU = Debug|Any CPU
		Release|Any CPU = Release|Any CPU
	EndGlobalSection
	GlobalSection(ProjectConfigurationPlatforms) = postSolution
		{398B3B61-E628-485B-A2F3-3504AEF7AE01}.Debug|Any CPU.ActiveCfg = Debug|Any CPU
		{398B3B61-E628-485B-A2F3-3504AEF7AE01}.Debug|Any CPU.Build.0 = Debug|Any CPU
		{398B3B61-E628-485B-A2F3-3504AEF7AE01}.Release|Any CPU.ActiveCfg = Release|Any CPU
		{398B3B61-E628-485B-A2F3-3504AEF7AE01}.Release|Any CPU.Build.0 = Release|Any CPU
		{F25D5F64-BF72-4B03-9150-72B64E25472A}.Debug|Any CPU.ActiveCfg = Debug|Any CPU
		{F25D5F64-BF72-4B03-9150-72B64E25472A}.Debug|Any CPU.Build.0 = Debug|Any CPU
		{F25D5F64-BF72-4B03-9150-72B64E25472A}.Release|Any CPU.ActiveCfg = Release|Any CPU
		{F25D5F64-BF72-4B03-9150-72B64E25472A}.Release|Any CPU.Build.0 = Release|Any CPU
	EndGlobalSection
	GlobalSection(SolutionProperties) = preSolution
		HideSolutionNode = FALSE
	EndGlobalSection
	GlobalSection(ExtensibilityGlobals) = postSolution
		SolutionGuid = {6CCF7928-CA1A-4594-A509-1D60511F5727}
	EndGlobalSection
EndGlobal
